# THIS IS AN AUTOGENERATED FILE. DO NOT EDIT THIS FILE DIRECTLY.
# yarn lockfile v1


"@moyuyc/visit-tree@^4.0.3":
  version "4.0.3"
  resolved "http://npm.bailongma-inc.com/@moyuyc%2fvisit-tree/-/visit-tree-4.0.3.tgz#e5e6b20a2fe4c0de6738a580dc44b27f141c7d9d"
  integrity sha512-IjO85avZrEwU5DqIFXFJ/LypRXePBi0LXd848Zb+cKiglqewlSPxbBUBnts062GgsBQ/GQ+pit9SPxL3eHowaQ==
  dependencies:
    is-iterable "^1.1.1"

is-iterable@^1.1.1:
  version "1.1.1"
  resolved "http://npm.bailongma-inc.com/is-iterable/-/is-iterable-1.1.1.tgz#71f9aa6f113e1d968ebe1d41cff4c8fb23a817bc"
  integrity sha512-EdOZCr0NsGE00Pot+x1ZFx9MJK3C6wy91geZpXwvwexDLJvA4nzYyZf7r+EIwSeVsOLDdBz7ATg9NqKTzuNYuQ==
